
Microsoft Visual Studio Solution File, Format Version 12.00
# Visual Studio 15
VisualStudioVersion = 15.0.28307.421
MinimumVisualStudioVersion = 10.0.40219.1
Project("{888888A0-9F3D-457C-B088-3A5042F75D52}") = "DotaGSI", "DotaGSI\DotaGSI.pyproj", "{BEB571AB-414B-4530-B6AD-57C4FBCB9A39}"
EndProject
Global
	GlobalSection(SolutionConfigurationPlatforms) = preSolution
		Debug|Any CPU = Debug|Any CPU
		Release|Any CPU = Release|Any CPU
	EndGlobalSection
	GlobalSection(ProjectConfigurationPlatforms) = postSolution
		{BEB571AB-414B-4530-B6AD-57C4FBCB9A39}.Debug|Any CPU.ActiveCfg = Debug|Any CPU
		{BEB571AB-414B-4530-B6AD-57C4FBCB9A39}.Release|Any CPU.ActiveCfg = Release|Any CPU
	EndGlobalSection
	GlobalSection(SolutionProperties) = preSolution
		HideSolutionNode = FALSE
	EndGlobalSection
	GlobalSection(ExtensibilityGlobals) = postSolution
		SolutionGuid = {A938817B-C89C-4725-9177-DA28E2AA52F8}
	EndGlobalSection
EndGlobal
